Microsoft Visual Studio Solution File, Format Version 12.00
# Visual Studio Version 17
VisualStudioVersion = 17.5.2.0
MinimumVisualStudioVersion = 10.0.40219.1
Project("{FAE04EC0-301F-11D3-BF4B-00C04F79EFBC}") = "QuizApp", "QuizApp\QuizApp.csproj", "{92172FFF-8B72-D1D3-4625-15E076F27B4F}"
EndProject
Global
	GlobalSection(SolutionConfigurationPlatforms) = preSolution
		Debug|Any CPU = Debug|Any CPU
		Release|Any CPU = Release|Any CPU
	EndGlobalSection
	GlobalSection(ProjectConfigurationPlatforms) = postSolution
		{92172FFF-8B72-D1D3-4625-15E076F27B4F}.Debug|Any CPU.ActiveCfg = Debug|Any CPU
		{92172FFF-8B72-D1D3-4625-15E076F27B4F}.Debug|Any CPU.Build.0 = Debug|Any CPU
		{92172FFF-8B72-D1D3-4625-15E076F27B4F}.Release|Any CPU.ActiveCfg = Release|Any CPU
		{92172FFF-8B72-D1D3-4625-15E076F27B4F}.Release|Any CPU.Build.0 = Release|Any CPU
	EndGlobalSection
	GlobalSection(SolutionProperties) = preSolution
		HideSolutionNode = FALSE
	EndGlobalSection
	GlobalSection(ExtensibilityGlobals) = postSolution
		SolutionGuid = {903F9927-C2DA-4953-A966-18C499286C91}
	EndGlobalSection
EndGlobal
